
Microsoft Visual Studio Solution File, Format Version 12.00
# Visual Studio 15
VisualStudioVersion = 15.0.28010.2050
MinimumVisualStudioVersion = 10.0.40219.1
Project("{FAE04EC0-301F-11D3-BF4B-00C04F79EFBC}") = "Homefind.Web", "Homefind.Web\Homefind.Web.csproj", "{98221493-0F9F-431E-A096-EA5727C1FE7F}"
EndProject
Project("{FAE04EC0-301F-11D3-BF4B-00C04F79EFBC}") = "Homefind.Core", "Homefind.Core\Homefind.Core.csproj", "{EF4F6329-CE7F-4B82-8BAD-54C344E01CA7}"
EndProject
Project("{FAE04EC0-301F-11D3-BF4B-00C04F79EFBC}") = "Homefind.Infrastructure", "Homefind.Infrastructure\Homefind.Infrastructure.csproj", "{A1FFABF8-9869-4613-B651-FADAB6A9D374}"
EndProject
Global
	GlobalSection(SolutionConfigurationPlatforms) = preSolution
		Debug|Any CPU = Debug|Any CPU
		Release|Any CPU = Release|Any CPU
	EndGlobalSection
	GlobalSection(ProjectConfigurationPlatforms) = postSolution
		{98221493-0F9F-431E-A096-EA5727C1FE7F}.Debug|Any CPU.ActiveCfg = Debug|Any CPU
		{98221493-0F9F-431E-A096-EA5727C1FE7F}.Debug|Any CPU.Build.0 = Debug|Any CPU
		{98221493-0F9F-431E-A096-EA5727C1FE7F}.Release|Any CPU.ActiveCfg = Release|Any CPU
		{98221493-0F9F-431E-A096-EA5727C1FE7F}.Release|Any CPU.Build.0 = Release|Any CPU
		{EF4F6329-CE7F-4B82-8BAD-54C344E01CA7}.Debug|Any CPU.ActiveCfg = Debug|Any CPU
		{EF4F6329-CE7F-4B82-8BAD-54C344E01CA7}.Debug|Any CPU.Build.0 = Debug|Any CPU
		{EF4F6329-CE7F-4B82-8BAD-54C344E01CA7}.Release|Any CPU.ActiveCfg = Release|Any CPU
		{EF4F6329-CE7F-4B82-8BAD-54C344E01CA7}.Release|Any CPU.Build.0 = Release|Any CPU
		{A1FFABF8-9869-4613-B651-FADAB6A9D374}.Debug|Any CPU.ActiveCfg = Debug|Any CPU
		{A1FFABF8-9869-4613-B651-FADAB6A9D374}.Debug|Any CPU.Build.0 = Debug|Any CPU
		{A1FFABF8-9869-4613-B651-FADAB6A9D374}.Release|Any CPU.ActiveCfg = Release|Any CPU
		{A1FFABF8-9869-4613-B651-FADAB6A9D374}.Release|Any CPU.Build.0 = Release|Any CPU
	EndGlobalSection
	GlobalSection(SolutionProperties) = preSolution
		HideSolutionNode = FALSE
	EndGlobalSection
	GlobalSection(ExtensibilityGlobals) = postSolution
		SolutionGuid = {DCF12651-2C0E-4BED-BC42-0A27375136B3}
	EndGlobalSection
EndGlobal
